{
  "name": "hld-prep-notes",
  "lockfileVersion": 3,
  "requires": true,
  "packages": {
    "": {
      "name": "hld-prep-notes",
      "devDependencies": {
        "chokidar": "5.0.0",
        "lucide-static": "1.47.0",
        "marked": "18.0.13"
      },
      "engines": {
        "node": ">=22"
      }
    },
    "node_modules/chokidar": {
      "version": "5.0.0",
      "resolved": "https://zscaler.prod-artifactory.lmi.tools/artifactory/api/npm/npmjs/chokidar/-/chokidar-5.0.0.tgz",
      "integrity": "sha512-TQMmc3w+5AxjpL8iIiwebF73dRDF4fBIieAqGn9RGCWaEVwQ6Fb2cGe31Yns0RRIzii5goJ1Y7xbMwo1TxMplw==",
      "dev": true,
      "license": "MIT",
      "dependencies": {
        "readdirp": "^5.0.0"
      },
      "engines": {
        "node": ">= 20.19.0"
      },
      "funding": {
        "url": "https://paulmillr.com/funding/"
      }
    },
    "node_modules/lucide-static": {
      "version": "1.47.0",
      "resolved": "https://zscaler.prod-artifactory.lmi.tools/artifactory/api/npm/npmjs/lucide-static/-/lucide-static-1.47.0.tgz",
      "integrity": "sha512-yWIrkdXc688Feq5VjOktsKmV5Ikc7y5Nu3rrdtbr8nWjkJWk8QlnZfVtIak22Af+fNhZ7k4cTJpZo1zmj7X5sA==",
      "dev": true,
      "license": "ISC"
    },
    "node_modules/marked": {
      "version": "18.0.13",
      "resolved": "https://zscaler.prod-artifactory.lmi.tools/artifactory/api/npm/npmjs/marked/-/marked-18.0.13.tgz",
      "integrity": "sha512-xTxVzZsBFwunP6HDmtBkabUQEYArnP7/rMDGmPj9SlrKlQ4i8MdYVow+nJL0eOqwpUqhzBoTBRADGN6uYwPyOw==",
      "dev": true,
      "license": "MIT",
      "bin": {
        "marked": "bin/marked.js"
      },
      "engines": {
        "node": ">= 20"
      }
    },
    "node_modules/readdirp": {
      "version": "5.1.1",
      "resolved": "https://zscaler.prod-artifactory.lmi.tools/artifactory/api/npm/npmjs/readdirp/-/readdirp-5.1.1.tgz",
      "integrity": "sha512-Kko+Y5XQ6fM+Ce3dq3m9YGxnacYZYl9cA1wZjaF3Vbry2L3i1qVg8+CAgNPsXRArPMUMCaOR7oa9Nqntc43JKA==",
      "dev": true,
      "license": "MIT",
      "engines": {
        "node": ">= 20.19.0"
      },
      "funding": {
        "type": "individual",
        "url": "https://paulmillr.com/funding/"
      }
    }
  }
}
